
Microsoft Visual Studio Solution File, Format Version 12.00
# Visual Studio 15
Project("{FAE04EC0-301F-11D3-BF4B-00C04F79EFBC}") = "Flee The MAW", "Assembly-CSharp.csproj", "{631DE7D2-4DB4-B215-E7B7-2674C3206EFE}"
EndProject
Global
	GlobalSection(SolutionConfigurationPlatforms) = preSolution
		Debug|Any CPU = Debug|Any CPU
		Release|Any CPU = Release|Any CPU
	EndGlobalSection
	GlobalSection(ProjectConfigurationPlatforms) = postSolution
		{631DE7D2-4DB4-B215-E7B7-2674C3206EFE}.Debug|Any CPU.ActiveCfg = Debug|Any CPU
		{631DE7D2-4DB4-B215-E7B7-2674C3206EFE}.Debug|Any CPU.Build.0 = Debug|Any CPU
		{631DE7D2-4DB4-B215-E7B7-2674C3206EFE}.Release|Any CPU.ActiveCfg = Release|Any CPU
		{631DE7D2-4DB4-B215-E7B7-2674C3206EFE}.Release|Any CPU.Build.0 = Release|Any CPU
	EndGlobalSection
	GlobalSection(SolutionProperties) = preSolution
		HideSolutionNode = FALSE
	EndGlobalSection
EndGlobal
